
Microsoft Visual Studio Solution File, Format Version 12.00
# Visual Studio Version 17
VisualStudioVersion = 17.9.34622.214
MinimumVisualStudioVersion = 10.0.40219.1
Project("{FAE04EC0-301F-11D3-BF4B-00C04F79EFBC}") = "pbl", "pbl\pbl.csproj", "{218CBAB5-53DE-4D1A-8E53-53E9747E4FDF}"
EndProject
Global
	GlobalSection(SolutionConfigurationPlatforms) = preSolution
		Debug|Any CPU = Debug|Any CPU
		Release|Any CPU = Release|Any CPU
	EndGlobalSection
	GlobalSection(ProjectConfigurationPlatforms) = postSolution
		{218CBAB5-53DE-4D1A-8E53-53E9747E4FDF}.Debug|Any CPU.ActiveCfg = Debug|Any CPU
		{218CBAB5-53DE-4D1A-8E53-53E9747E4FDF}.Debug|Any CPU.Build.0 = Debug|Any CPU
		{218CBAB5-53DE-4D1A-8E53-53E9747E4FDF}.Release|Any CPU.ActiveCfg = Release|Any CPU
		{218CBAB5-53DE-4D1A-8E53-53E9747E4FDF}.Release|Any CPU.Build.0 = Release|Any CPU
	EndGlobalSection
	GlobalSection(SolutionProperties) = preSolution
		HideSolutionNode = FALSE
	EndGlobalSection
	GlobalSection(ExtensibilityGlobals) = postSolution
		SolutionGuid = {3D35A936-4D0A-4E03-B382-FA7203A75CBC}
	EndGlobalSection
EndGlobal
